{
  "version": 4,
  "terraform_version": "1.1.0",
  "serial": 15,
  "lineage": "f196454b-44d1-e5bc-da69-18885d6a2af2",
  "outputs": {},
  "resources": [
    {
      "mode": "managed",
      "type": "aws_instance",
      "name": "nginx",
      "provider": "provider[\"registry.terraform.io/hashicorp/aws\"]",
      "instances": [
        {
          "schema_version": 1,
          "attributes": {
            "ami": "ami-01a6e31ac994bbc09",
            "arn": "arn:aws:ec2:eu-west-2:640247096212:instance/i-06ab68b277bab328b",
            "associate_public_ip_address": true,
            "availability_zone": "eu-west-2c",
            "cpu_core_count": 1,
            "cpu_threads_per_core": 1,
            "credit_specification": [
              {
                "cpu_credits": "standard"
              }
            ],
            "disable_api_termination": false,
            "ebs_block_device": [],
            "ebs_optimized": false,
            "ephemeral_block_device": [],
            "get_password_data": false,
            "hibernation": false,
            "host_id": null,
            "iam_instance_profile": "",
            "id": "i-06ab68b277bab328b",
            "instance_initiated_shutdown_behavior": null,
            "instance_state": "running",
            "instance_type": "t2.micro",
            "ipv6_address_count": 0,
            "ipv6_addresses": [],
            "key_name": "aws_id_rsa",
            "metadata_options": [
              {
                "http_endpoint": "enabled",
                "http_put_response_hop_limit": 1,
                "http_tokens": "optional"
              }
            ],
            "monitoring": false,
            "network_interface": [],
            "network_interface_id": null,
            "outpost_arn": "",
            "password_data": "",
            "placement_group": "",
            "primary_network_interface_id": "eni-04fbf94b29d690e13",
            "private_dns": "ip-172-31-13-24.eu-west-2.compute.internal",
            "private_ip": "172.31.13.24",
            "public_dns": "ec2-18-130-212-118.eu-west-2.compute.amazonaws.com",
            "public_ip": "18.130.212.118",
            "root_block_device": [
              {
                "delete_on_termination": true,
                "device_name": "/dev/xvda",
                "encrypted": false,
                "iops": 100,
                "kms_key_id": "",
                "volume_id": "vol-0460d4ff69953b18d",
                "volume_size": 8,
                "volume_type": "gp2"
              }
            ],
            "security_groups": [
              "default"
            ],
            "source_dest_check": true,
            "subnet_id": "subnet-0e466e5d53db09bac",
            "tags": null,
            "tenancy": "default",
            "timeouts": null,
            "user_data": null,
            "user_data_base64": null,
            "volume_tags": {},
            "vpc_security_group_ids": [
              "sg-0a38f6d403cc4ec9e"
            ]
          },
          "sensitive_attributes": [],
          "private": "eyJlMmJmYjczMC1lY2FhLTExZTYtOGY4OC0zNDM2M2JjN2M0YzAiOnsiY3JlYXRlIjo2MDAwMDAwMDAwMDAsImRlbGV0ZSI6MTIwMDAwMDAwMDAwMCwidXBkYXRlIjo2MDAwMDAwMDAwMDB9LCJzY2hlbWFfdmVyc2lvbiI6IjEifQ==",
          "dependencies": [
            "aws_key_pair.devops_key"
          ]
        }
      ]
    },
    {
      "mode": "managed",
      "type": "aws_key_pair",
      "name": "devops_key",
      "provider": "provider[\"registry.terraform.io/hashicorp/aws\"]",
      "instances": [
        {
          "schema_version": 1,
          "attributes": {
            "arn": "arn:aws:ec2:eu-west-2:640247096212:key-pair/aws_id_rsa",
            "fingerprint": "8d:2b:6a:61:f3:30:70:db:7c:4e:57:ea:a6:b7:ac:d9",
            "id": "aws_id_rsa",
            "key_name": "aws_id_rsa",
            "key_name_prefix": null,
            "key_pair_id": "key-04d7085a1318cab95",
            "public_key": "ssh-rsa AAAAB3NzaC1yc2EAAAADAQABAAABgQDCYntE8jZ4kuO/Y5dK/dV+e8I+VASgidZbA9+iwOS3eXplMud2oS7Vf/IVF4O6mXmH82MBfcVTCyCZpKxoFgyjVnMhrDS6JvofXDmXo+AXlJVudtwIVyw1jGmG5IpDOnumM+O2O1GsuxBHh/7qmrIbR6FXwo6cIbo8N4URYhd3d8RSdSqIDyGAnvxKYXrYzYj6fwCt3rQ7GmLcpCRH7DExfMdeWWPiToYxcOxOoBumgFz8wN6lQohPNOWOgzy0qd8TKx8tFYi1CAf0fEO6ARVY0CE/U+LeXjqaFhApcz3CcILmYwr8yOdg3CRaWd7nrtsldLUeihn2/I5GE2E0f7dZhFVQwvwMRKh7D9I0MsVGPFsGAPVA35HeMRD+ym8OkzseSCyVyg4fyfnpUPnGW3RGj8YumWIQ7Ad3xeNugl/6iwk41NbAjNcYMQcZN6cjam6nrC+rSgaYHWRvIoOHW8zJu5nt7xZYijknLkc6oyJN5IzPibAgQgHuIWvYLml4YvE= manoj@jupiter",
            "tags": null
          },
          "sensitive_attributes": [],
          "private": "eyJzY2hlbWFfdmVyc2lvbiI6IjEifQ=="
        }
      ]
    }
  ]
}
